
Microsoft Visual Studio Solution File, Format Version 12.00
# Visual Studio Version 17
VisualStudioVersion = 17.3.32929.385
MinimumVisualStudioVersion = 10.0.40219.1
Project("{FAE04EC0-301F-11D3-BF4B-00C04F79EFBC}") = "TextInfo", "TextInfo\TextInfo.csproj", "{07E095BD-5C40-4C12-B910-1F7A58ED26F6}"
EndProject
Project("{FAE04EC0-301F-11D3-BF4B-00C04F79EFBC}") = "TextInfo.Tests", "TextInfo.Tests\TextInfo.Tests.csproj", "{5E735D60-F01B-4225-82D3-0E275832DEA5}"
EndProject
Global
	GlobalSection(SolutionConfigurationPlatforms) = preSolution
		Debug|Any CPU = Debug|Any CPU
		Release|Any CPU = Release|Any CPU
	EndGlobalSection
	GlobalSection(ProjectConfigurationPlatforms) = postSolution
		{07E095BD-5C40-4C12-B910-1F7A58ED26F6}.Debug|Any CPU.ActiveCfg = Debug|Any CPU
		{07E095BD-5C40-4C12-B910-1F7A58ED26F6}.Debug|Any CPU.Build.0 = Debug|Any CPU
		{07E095BD-5C40-4C12-B910-1F7A58ED26F6}.Release|Any CPU.ActiveCfg = Release|Any CPU
		{07E095BD-5C40-4C12-B910-1F7A58ED26F6}.Release|Any CPU.Build.0 = Release|Any CPU
		{5E735D60-F01B-4225-82D3-0E275832DEA5}.Debug|Any CPU.ActiveCfg = Debug|Any CPU
		{5E735D60-F01B-4225-82D3-0E275832DEA5}.Debug|Any CPU.Build.0 = Debug|Any CPU
		{5E735D60-F01B-4225-82D3-0E275832DEA5}.Release|Any CPU.ActiveCfg = Release|Any CPU
		{5E735D60-F01B-4225-82D3-0E275832DEA5}.Release|Any CPU.Build.0 = Release|Any CPU
	EndGlobalSection
	GlobalSection(SolutionProperties) = preSolution
		HideSolutionNode = FALSE
	EndGlobalSection
	GlobalSection(ExtensibilityGlobals) = postSolution
		SolutionGuid = {AB3EFA33-6C4B-4C85-830B-46F732F19AB3}
	EndGlobalSection
EndGlobal
